// !$*UTF8*$!
{
	archiveVersion = 1;
	classes = {
	};
	objectVersion = 51;
	objects = {

/* Begin PBXBuildFile section */
		608BCDCE53B6FD4950153F66 /* Pods_LittlePink.framework in Frameworks */ = {isa = PBXBuildFile; fileRef = 999BE97F24469144EAC6B7BF /* Pods_LittlePink.framework */; };
		A178283E25E2525F005C791B /* AppDelegate.swift in Sources */ = {isa = PBXBuildFile; fileRef = A178283D25E2525F005C791B /* AppDelegate.swift */; };
		A178284025E2525F005C791B /* SceneDelegate.swift in Sources */ = {isa = PBXBuildFile; fileRef = A178283F25E2525F005C791B /* SceneDelegate.swift */; };
		A178284525E2525F005C791B /* Main.storyboard in Resources */ = {isa = PBXBuildFile; fileRef = A178284325E2525F005C791B /* Main.storyboard */; };
		A178284825E2525F005C791B /* LittlePink.xcdatamodeld in Sources */ = {isa = PBXBuildFile; fileRef = A178284625E2525F005C791B /* LittlePink.xcdatamodeld */; };
		A178284A25E25260005C791B /* Assets.xcassets in Resources */ = {isa = PBXBuildFile; fileRef = A178284925E25260005C791B /* Assets.xcassets */; };
		A178284D25E25260005C791B /* LaunchScreen.storyboard in Resources */ = {isa = PBXBuildFile; fileRef = A178284B25E25260005C791B /* LaunchScreen.storyboard */; };
		A1B64D6325E4E2F60015764A /* HomeVC.swift in Sources */ = {isa = PBXBuildFile; fileRef = A1B64D6225E4E2F60015764A /* HomeVC.swift */; };
		A1B64D6625E4EC0D0015764A /* FollowVC.swift in Sources */ = {isa = PBXBuildFile; fileRef = A1B64D6525E4EC0D0015764A /* FollowVC.swift */; };
		A1B64D6925E4EC260015764A /* DiscoverVC.swift in Sources */ = {isa = PBXBuildFile; fileRef = A1B64D6825E4EC260015764A /* DiscoverVC.swift */; };
		A1B64D6C25E4EC360015764A /* NearByVC.swift in Sources */ = {isa = PBXBuildFile; fileRef = A1B64D6B25E4EC360015764A /* NearByVC.swift */; };
		A1B64D6F25E4EF990015764A /* Constants.swift in Sources */ = {isa = PBXBuildFile; fileRef = A1B64D6E25E4EF990015764A /* Constants.swift */; };
/* End PBXBuildFile section */

/* Begin PBXFileReference section */
		07FB4B1E15DC986EF75271DE /* Pods-LittlePink.release.xcconfig */ = {isa = PBXFileReference; includeInIndex = 1; lastKnownFileType = text.xcconfig; name = "Pods-LittlePink.release.xcconfig"; path = "Target Support Files/Pods-LittlePink/Pods-LittlePink.release.xcconfig"; sourceTree = "<group>"; };
		49EF73204E0F8E7FF67CA559 /* Pods-LittlePink.debug.xcconfig */ = {isa = PBXFileReference; includeInIndex = 1; lastKnownFileType = text.xcconfig; name = "Pods-LittlePink.debug.xcconfig"; path = "Target Support Files/Pods-LittlePink/Pods-LittlePink.debug.xcconfig"; sourceTree = "<group>"; };
		999BE97F24469144EAC6B7BF /* Pods_LittlePink.framework */ = {isa = PBXFileReference; explicitFileType = wrapper.framework; includeInIndex = 0; path = Pods_LittlePink.framework; sourceTree = BUILT_PRODUCTS_DIR; };
		A178283A25E2525F005C791B /* LittlePink.app */ = {isa = PBXFileReference; explicitFileType = wrapper.application; includeInIndex = 0; path = LittlePink.app; sourceTree = BUILT_PRODUCTS_DIR; };
		A178283D25E2525F005C791B /* AppDelegate.swift */ = {isa = PBXFileReference; lastKnownFileType = sourcecode.swift; path = AppDelegate.swift; sourceTree = "<group>"; };
		A178283F25E2525F005C791B /* SceneDelegate.swift */ = {isa = PBXFileReference; lastKnownFileType = sourcecode.swift; path = SceneDelegate.swift; sourceTree = "<group>"; };
		A178284425E2525F005C791B /* Base */ = {isa = PBXFileReference; lastKnownFileType = file.storyboard; name = Base; path = Base.lproj/Main.storyboard; sourceTree = "<group>"; };
		A178284725E2525F005C791B /* LittlePink.xcdatamodel */ = {isa = PBXFileReference; lastKnownFileType = wrapper.xcdatamodel; path = LittlePink.xcdatamodel; sourceTree = "<group>"; };
		A178284925E25260005C791B /* Assets.xcassets */ = {isa = PBXFileReference; lastKnownFileType = folder.assetcatalog; path = Assets.xcassets; sourceTree = "<group>"; };
		A178284C25E25260005C791B /* Base */ = {isa = PBXFileReference; lastKnownFileType = file.storyboard; name = Base; path = Base.lproj/LaunchScreen.storyboard; sourceTree = "<group>"; };
		A178284E25E25260005C791B /* Info.plist */ = {isa = PBXFileReference; lastKnownFileType = text.plist.xml; path = Info.plist; sourceTree = "<group>"; };
		A1B64D6225E4E2F60015764A /* HomeVC.swift */ = {isa = PBXFileReference; lastKnownFileType = sourcecode.swift; path = HomeVC.swift; sourceTree = "<group>"; };
		A1B64D6525E4EC0D0015764A /* FollowVC.swift */ = {isa = PBXFileReference; lastKnownFileType = sourcecode.swift; path = FollowVC.swift; sourceTree = "<group>"; };
		A1B64D6825E4EC260015764A /* DiscoverVC.swift */ = {isa = PBXFileReference; lastKnownFileType = sourcecode.swift; path = DiscoverVC.swift; sourceTree = "<group>"; };
		A1B64D6B25E4EC360015764A /* NearByVC.swift */ = {isa = PBXFileReference; lastKnownFileType = sourcecode.swift; path = NearByVC.swift; sourceTree = "<group>"; };
		A1B64D6E25E4EF990015764A /* Constants.swift */ = {isa = PBXFileReference; lastKnownFileType = sourcecode.swift; path = Constants.swift; sourceTree = "<group>"; };
/* End PBXFileReference section */

/* Begin PBXFrameworksBuildPhase section */
		A178283725E2525F005C791B /* Frameworks */ = {
			isa = PBXFrameworksBuildPhase;
			buildActionMask = 2147483647;
			files = (
				608BCDCE53B6FD4950153F66 /* Pods_LittlePink.framework in Frameworks */,
			);
			runOnlyForDeploymentPostprocessing = 0;
		};
/* End PBXFrameworksBuildPhase section */

/* Begin PBXGroup section */
		7FF6B60EBB6F62BBF1D2EE7E /* Frameworks */ = {
			isa = PBXGroup;
			children = (
				999BE97F24469144EAC6B7BF /* Pods_LittlePink.framework */,
			);
			name = Frameworks;
			sourceTree = "<group>";
		};
		86995F19B04C47A885FA3890 /* Pods */ = {
			isa = PBXGroup;
			children = (
				49EF73204E0F8E7FF67CA559 /* Pods-LittlePink.debug.xcconfig */,
				07FB4B1E15DC986EF75271DE /* Pods-LittlePink.release.xcconfig */,
			);
			path = Pods;
			sourceTree = "<group>";
		};
		A178283125E2525F005C791B = {
			isa = PBXGroup;
			children = (
				A178283C25E2525F005C791B /* LittlePink */,
				A178283B25E2525F005C791B /* Products */,
				86995F19B04C47A885FA3890 /* Pods */,
				7FF6B60EBB6F62BBF1D2EE7E /* Frameworks */,
			);
			sourceTree = "<group>";
		};
		A178283B25E2525F005C791B /* Products */ = {
			isa = PBXGroup;
			children = (
				A178283A25E2525F005C791B /* LittlePink.app */,
			);
			name = Products;
			sourceTree = "<group>";
		};
		A178283C25E2525F005C791B /* LittlePink */ = {
			isa = PBXGroup;
			children = (
				A178283D25E2525F005C791B /* AppDelegate.swift */,
				A178283F25E2525F005C791B /* SceneDelegate.swift */,
				A178284325E2525F005C791B /* Main.storyboard */,
				A178284925E25260005C791B /* Assets.xcassets */,
				A178284B25E25260005C791B /* LaunchScreen.storyboard */,
				A178284E25E25260005C791B /* Info.plist */,
				A178284625E2525F005C791B /* LittlePink.xcdatamodeld */,
				A1B64D7125E4F1530015764A /* Home */,
				A1B64D6E25E4EF990015764A /* Constants.swift */,
			);
			path = LittlePink;
			sourceTree = "<group>";
		};
		A1B64D7125E4F1530015764A /* Home */ = {
			isa = PBXGroup;
			children = (
				A1B64D6225E4E2F60015764A /* HomeVC.swift */,
				A1B64D6525E4EC0D0015764A /* FollowVC.swift */,
				A1B64D6825E4EC260015764A /* DiscoverVC.swift */,
				A1B64D6B25E4EC360015764A /* NearByVC.swift */,
			);
			path = Home;
			sourceTree = "<group>";
		};
/* End PBXGroup section */

/* Begin PBXNativeTarget section */
		A178283925E2525F005C791B /* LittlePink */ = {
			isa = PBXNativeTarget;
			buildConfigurationList = A178285125E25260005C791B /* Build configuration list for PBXNativeTarget "LittlePink" */;
			buildPhases = (
				7FB14D007C1B9E3ED733EE29 /* [CP] Check Pods Manifest.lock */,
				A178283625E2525F005C791B /* Sources */,
				A178283725E2525F005C791B /* Frameworks */,
				A178283825E2525F005C791B /* Resources */,
				C22D14702277DE0B46B44227 /* [CP] Embed Pods Frameworks */,
			);
			buildRules = (
			);
			dependencies = (
			);
			name = LittlePink;
			productName = LittlePink;
			productReference = A178283A25E2525F005C791B /* LittlePink.app */;
			productType = "com.apple.product-type.application";
		};
/* End PBXNativeTarget section */

/* Begin PBXProject section */
		A178283225E2525F005C791B /* Project object */ = {
			isa = PBXProject;
			attributes = {
				LastSwiftUpdateCheck = 1240;
				LastUpgradeCheck = 1240;
				TargetAttributes = {
					A178283925E2525F005C791B = {
						CreatedOnToolsVersion = 12.4;
					};
				};
			};
			buildConfigurationList = A178283525E2525F005C791B /* Build configuration list for PBXProject "LittlePink" */;
			compatibilityVersion = "Xcode 9.3";
			developmentRegion = en;
			hasScannedForEncodings = 0;
			knownRegions = (
				en,
				Base,
			);
			mainGroup = A178283125E2525F005C791B;
			productRefGroup = A178283B25E2525F005C791B /* Products */;
			projectDirPath = "";
			projectRoot = "";
			targets = (
				A178283925E2525F005C791B /* LittlePink */,
			);
		};
/* End PBXProject section */

/* Begin PBXResourcesBuildPhase section */
		A178283825E2525F005C791B /* Resources */ = {
			isa = PBXResourcesBuildPhase;
			buildActionMask = 2147483647;
			files = (
				A178284D25E25260005C791B /* LaunchScreen.storyboard in Resources */,
				A178284A25E25260005C791B /* Assets.xcassets in Resources */,
				A178284525E2525F005C791B /* Main.storyboard in Resources */,
			);
			runOnlyForDeploymentPostprocessing = 0;
		};
/* End PBXResourcesBuildPhase section */

/* Begin PBXShellScriptBuildPhase section */
		7FB14D007C1B9E3ED733EE29 /* [CP] Check Pods Manifest.lock */ = {
			isa = PBXShellScriptBuildPhase;
			buildActionMask = 2147483647;
			files = (
			);
			inputFileListPaths = (
			);
			inputPaths = (
				"${PODS_PODFILE_DIR_PATH}/Podfile.lock",
				"${PODS_ROOT}/Manifest.lock",
			);
			name = "[CP] Check Pods Manifest.lock";
			outputFileListPaths = (
			);
			outputPaths = (
				"$(DERIVED_FILE_DIR)/Pods-LittlePink-checkManifestLockResult.txt",
			);
			runOnlyForDeploymentPostprocessing = 0;
			shellPath = /bin/sh;
			shellScript = "diff \"${PODS_PODFILE_DIR_PATH}/Podfile.lock\" \"${PODS_ROOT}/Manifest.lock\" > /dev/null\nif [ $? != 0 ] ; then\n    # print error to STDERR\n    echo \"error: The sandbox is not in sync with the Podfile.lock. Run 'pod install' or update your CocoaPods installation.\" >&2\n    exit 1\nfi\n# This output is used by Xcode 'outputs' to avoid re-running this script phase.\necho \"SUCCESS\" > \"${SCRIPT_OUTPUT_FILE_0}\"\n";
			showEnvVarsInLog = 0;
		};
		C22D14702277DE0B46B44227 /* [CP] Embed Pods Frameworks */ = {
			isa = PBXShellScriptBuildPhase;
			buildActionMask = 2147483647;
			files = (
			);
			inputFileListPaths = (
				"${PODS_ROOT}/Target Support Files/Pods-LittlePink/Pods-LittlePink-frameworks-${CONFIGURATION}-input-files.xcfilelist",
			);
			name = "[CP] Embed Pods Frameworks";
			outputFileListPaths = (
				"${PODS_ROOT}/Target Support Files/Pods-LittlePink/Pods-LittlePink-frameworks-${CONFIGURATION}-output-files.xcfilelist",
			);
			runOnlyForDeploymentPostprocessing = 0;
			shellPath = /bin/sh;
			shellScript = "\"${PODS_ROOT}/Target Support Files/Pods-LittlePink/Pods-LittlePink-frameworks.sh\"\n";
			showEnvVarsInLog = 0;
		};
/* End PBXShellScriptBuildPhase section */

/* Begin PBXSourcesBuildPhase section */
		A178283625E2525F005C791B /* Sources */ = {
			isa = PBXSourcesBuildPhase;
			buildActionMask = 2147483647;
			files = (
				A1B64D6C25E4EC360015764A /* NearByVC.swift in Sources */,
				A178283E25E2525F005C791B /* AppDelegate.swift in Sources */,
				A1B64D6325E4E2F60015764A /* HomeVC.swift in Sources */,
				A1B64D6625E4EC0D0015764A /* FollowVC.swift in Sources */,
				A178284025E2525F005C791B /* SceneDelegate.swift in Sources */,
				A178284825E2525F005C791B /* LittlePink.xcdatamodeld in Sources */,
				A1B64D6925E4EC260015764A /* DiscoverVC.swift in Sources */,
				A1B64D6F25E4EF990015764A /* Constants.swift in Sources */,
			);
			runOnlyForDeploymentPostprocessing = 0;
		};
/* End PBXSourcesBuildPhase section */

/* Begin PBXVariantGroup section */
		A178284325E2525F005C791B /* Main.storyboard */ = {
			isa = PBXVariantGroup;
			children = (
				A178284425E2525F005C791B /* Base */,
			);
			name = Main.storyboard;
			sourceTree = "<group>";
		};
		A178284B25E25260005C791B /* LaunchScreen.storyboard */ = {
			isa = PBXVariantGroup;
			children = (
				A178284C25E25260005C791B /* Base */,
			);
			name = LaunchScreen.storyboard;
			sourceTree = "<group>";
		};
/* End PBXVariantGroup section */

/* Begin XCBuildConfiguration section */
		A178284F25E25260005C791B /* Debug */ = {
			isa = XCBuildConfiguration;
			buildSettings = {
				ALWAYS_SEARCH_USER_PATHS = NO;
				CLANG_ANALYZER_NONNULL = YES;
				CLANG_ANALYZER_NUMBER_OBJECT_CONVERSION = YES_AGGRESSIVE;
				CLANG_CXX_LANGUAGE_STANDARD = "gnu++14";
				CLANG_CXX_LIBRARY = "libc++";
				CLANG_ENABLE_MODULES = YES;
				CLANG_ENABLE_OBJC_ARC = YES;
				CLANG_ENABLE_OBJC_WEAK = YES;
				CLANG_WARN_BLOCK_CAPTURE_AUTORELEASING = YES;
				CLANG_WARN_BOOL_CONVERSION = YES;
				CLANG_WARN_COMMA = YES;
				CLANG_WARN_CONSTANT_CONVERSION = YES;
				CLANG_WARN_DEPRECATED_OBJC_IMPLEMENTATIONS = YES;
				CLANG_WARN_DIRECT_OBJC_ISA_USAGE = YES_ERROR;
				CLANG_WARN_DOCUMENTATION_COMMENTS = YES;
				CLANG_WARN_EMPTY_BODY = YES;
				CLANG_WARN_ENUM_CONVERSION = YES;
				CLANG_WARN_INFINITE_RECURSION = YES;
				CLANG_WARN_INT_CONVERSION = YES;
				CLANG_WARN_NON_LITERAL_NULL_CONVERSION = YES;
				CLANG_WARN_OBJC_IMPLICIT_RETAIN_SELF = YES;
				CLANG_WARN_OBJC_LITERAL_CONVERSION = YES;
				CLANG_WARN_OBJC_ROOT_CLASS = YES_ERROR;
				CLANG_WARN_QUOTED_INCLUDE_IN_FRAMEWORK_HEADER = YES;
				CLANG_WARN_RANGE_LOOP_ANALYSIS = YES;
				CLANG_WARN_STRICT_PROTOTYPES = YES;
				CLANG_WARN_SUSPICIOUS_MOVE = YES;
				CLANG_WARN_UNGUARDED_AVAILABILITY = YES_AGGRESSIVE;
				CLANG_WARN_UNREACHABLE_CODE = YES;
				CLANG_WARN__DUPLICATE_METHOD_MATCH = YES;
				COPY_PHASE_STRIP = NO;
				DEBUG_INFORMATION_FORMAT = dwarf;
				ENABLE_STRICT_OBJC_MSGSEND = YES;
				ENABLE_TESTABILITY = YES;
				GCC_C_LANGUAGE_STANDARD = gnu11;
				GCC_DYNAMIC_NO_PIC = NO;
				GCC_NO_COMMON_BLOCKS = YES;
				GCC_OPTIMIZATION_LEVEL = 0;
				GCC_PREPROCESSOR_DEFINITIONS = (
					"DEBUG=1",
					"$(inherited)",
				);
				GCC_WARN_64_TO_32_BIT_CONVERSION = YES;
				GCC_WARN_ABOUT_RETURN_TYPE = YES_ERROR;
				GCC_WARN_UNDECLARED_SELECTOR = YES;
				GCC_WARN_UNINITIALIZED_AUTOS = YES_AGGRESSIVE;
				GCC_WARN_UNUSED_FUNCTION = YES;
				GCC_WARN_UNUSED_VARIABLE = YES;
				IPHONEOS_DEPLOYMENT_TARGET = 14.4;
				MTL_ENABLE_DEBUG_INFO = INCLUDE_SOURCE;
				MTL_FAST_MATH = YES;
				ONLY_ACTIVE_ARCH = YES;
				SDKROOT = iphoneos;
				SWIFT_ACTIVE_COMPILATION_CONDITIONS = DEBUG;
				SWIFT_OPTIMIZATION_LEVEL = "-Onone";
			};
			name = Debug;
		};
		A178285025E25260005C791B /* Release */ = {
			isa = XCBuildConfiguration;
			buildSettings = {
				ALWAYS_SEARCH_USER_PATHS = NO;
				CLANG_ANALYZER_NONNULL = YES;
				CLANG_ANALYZER_NUMBER_OBJECT_CONVERSION = YES_AGGRESSIVE;
				CLANG_CXX_LANGUAGE_STANDARD = "gnu++14";
				CLANG_CXX_LIBRARY = "libc++";
				CLANG_ENABLE_MODULES = YES;
				CLANG_ENABLE_OBJC_ARC = YES;
				CLANG_ENABLE_OBJC_WEAK = YES;
				CLANG_WARN_BLOCK_CAPTURE_AUTORELEASING = YES;
				CLANG_WARN_BOOL_CONVERSION = YES;
				CLANG_WARN_COMMA = YES;
				CLANG_WARN_CONSTANT_CONVERSION = YES;
				CLANG_WARN_DEPRECATED_OBJC_IMPLEMENTATIONS = YES;
				CLANG_WARN_DIRECT_OBJC_ISA_USAGE = YES_ERROR;
				CLANG_WARN_DOCUMENTATION_COMMENTS = YES;
				CLANG_WARN_EMPTY_BODY = YES;
				CLANG_WARN_ENUM_CONVERSION = YES;
				CLANG_WARN_INFINITE_RECURSION = YES;
				CLANG_WARN_INT_CONVERSION = YES;
				CLANG_WARN_NON_LITERAL_NULL_CONVERSION = YES;
				CLANG_WARN_OBJC_IMPLICIT_RETAIN_SELF = YES;
				CLANG_WARN_OBJC_LITERAL_CONVERSION = YES;
				CLANG_WARN_OBJC_ROOT_CLASS = YES_ERROR;
				CLANG_WARN_QUOTED_INCLUDE_IN_FRAMEWORK_HEADER = YES;
				CLANG_WARN_RANGE_LOOP_ANALYSIS = YES;
				CLANG_WARN_STRICT_PROTOTYPES = YES;
				CLANG_WARN_SUSPICIOUS_MOVE = YES;
				CLANG_WARN_UNGUARDED_AVAILABILITY = YES_AGGRESSIVE;
				CLANG_WARN_UNREACHABLE_CODE = YES;
				CLANG_WARN__DUPLICATE_METHOD_MATCH = YES;
				COPY_PHASE_STRIP = NO;
				DEBUG_INFORMATION_FORMAT = "dwarf-with-dsym";
				ENABLE_NS_ASSERTIONS = NO;
				ENABLE_STRICT_OBJC_MSGSEND = YES;
				GCC_C_LANGUAGE_STANDARD = gnu11;
				GCC_NO_COMMON_BLOCKS = YES;
				GCC_WARN_64_TO_32_BIT_CONVERSION = YES;
				GCC_WARN_ABOUT_RETURN_TYPE = YES_ERROR;
				GCC_WARN_UNDECLARED_SELECTOR = YES;
				GCC_WARN_UNINITIALIZED_AUTOS = YES_AGGRESSIVE;
				GCC_WARN_UNUSED_FUNCTION = YES;
				GCC_WARN_UNUSED_VARIABLE = YES;
				IPHONEOS_DEPLOYMENT_TARGET = 14.4;
				MTL_ENABLE_DEBUG_INFO = NO;
				MTL_FAST_MATH = YES;
				SDKROOT = iphoneos;
				SWIFT_COMPILATION_MODE = wholemodule;
				SWIFT_OPTIMIZATION_LEVEL = "-O";
				VALIDATE_PRODUCT = YES;
			};
			name = Release;
		};
		A178285225E25260005C791B /* Debug */ = {
			isa = XCBuildConfiguration;
			baseConfigurationReference = 49EF73204E0F8E7FF67CA559 /* Pods-LittlePink.debug.xcconfig */;
			buildSettings = {
				ASSETCATALOG_COMPILER_APPICON_NAME = AppIcon;
				ASSETCATALOG_COMPILER_GLOBAL_ACCENT_COLOR_NAME = AccentColor;
				CODE_SIGN_STYLE = Automatic;
				DEVELOPMENT_TEAM = 63HAATV2Q7;
				INFOPLIST_FILE = LittlePink/Info.plist;
				LD_RUNPATH_SEARCH_PATHS = (
					"$(inherited)",
					"@executable_path/Frameworks",
				);
				PRODUCT_BUNDLE_IDENTIFIER = com.Luxr.LittlePink;
				PRODUCT_NAME = "$(TARGET_NAME)";
				SWIFT_VERSION = 5.0;
				TARGETED_DEVICE_FAMILY = 1;
			};
			name = Debug;
		};
		A178285325E25260005C791B /* Release */ = {
			isa = XCBuildConfiguration;
			baseConfigurationReference = 07FB4B1E15DC986EF75271DE /* Pods-LittlePink.release.xcconfig */;
			buildSettings = {
				ASSETCATALOG_COMPILER_APPICON_NAME = AppIcon;
				ASSETCATALOG_COMPILER_GLOBAL_ACCENT_COLOR_NAME = AccentColor;
				CODE_SIGN_STYLE = Automatic;
				DEVELOPMENT_TEAM = 63HAATV2Q7;
				INFOPLIST_FILE = LittlePink/Info.plist;
				LD_RUNPATH_SEARCH_PATHS = (
					"$(inherited)",
					"@executable_path/Frameworks",
				);
				PRODUCT_BUNDLE_IDENTIFIER = com.Luxr.LittlePink;
				PRODUCT_NAME = "$(TARGET_NAME)";
				SWIFT_VERSION = 5.0;
				TARGETED_DEVICE_FAMILY = 1;
			};
			name = Release;
		};
/* End XCBuildConfiguration section */

/* Begin XCConfigurationList section */
		A178283525E2525F005C791B /* Build configuration list for PBXProject "LittlePink" */ = {
			isa = XCConfigurationList;
			buildConfigurations = (
				A178284F25E25260005C791B /* Debug */,
				A178285025E25260005C791B /* Release */,
			);
			defaultConfigurationIsVisible = 0;
			defaultConfigurationName = Release;
		};
		A178285125E25260005C791B /* Build configuration list for PBXNativeTarget "LittlePink" */ = {
			isa = XCConfigurationList;
			buildConfigurations = (
				A178285225E25260005C791B /* Debug */,
				A178285325E25260005C791B /* Release */,
			);
			defaultConfigurationIsVisible = 0;
			defaultConfigurationName = Release;
		};
/* End XCConfigurationList section */

/* Begin XCVersionGroup section */
		A178284625E2525F005C791B /* LittlePink.xcdatamodeld */ = {
			isa = XCVersionGroup;
			children = (
				A178284725E2525F005C791B /* LittlePink.xcdatamodel */,
			);
			currentVersion = A178284725E2525F005C791B /* LittlePink.xcdatamodel */;
			path = LittlePink.xcdatamodeld;
			sourceTree = "<group>";
			versionGroupType = wrapper.xcdatamodel;
		};
/* End XCVersionGroup section */
	};
	rootObject = A178283225E2525F005C791B /* Project object */;
}
